// !$*UTF8*$!
{
	archiveVersion = 1;
	classes = {
	};
	objectVersion = 46;
	objects = {

/* Begin PBXBuildFile section */
		4A6E72591F0D69A7005819EA /* AppDelegate.swift in Sources */ = {isa = PBXBuildFile; fileRef = 4A6E72581F0D69A7005819EA /* AppDelegate.swift */; };
		4A6E725B1F0D69A7005819EA /* ViewController.swift in Sources */ = {isa = PBXBuildFile; fileRef = 4A6E725A1F0D69A7005819EA /* ViewController.swift */; };
		4A6E725E1F0D69A7005819EA /* Main.storyboard in Resources */ = {isa = PBXBuildFile; fileRef = 4A6E725C1F0D69A7005819EA /* Main.storyboard */; };
		4A6E72611F0D69A7005819EA /* SampleDemo.xcdatamodeld in Sources */ = {isa = PBXBuildFile; fileRef = 4A6E725F1F0D69A7005819EA /* SampleDemo.xcdatamodeld */; };
		4A6E72631F0D69A7005819EA /* Assets.xcassets in Resources */ = {isa = PBXBuildFile; fileRef = 4A6E72621F0D69A7005819EA /* Assets.xcassets */; };
		4A6E72661F0D69A7005819EA /* LaunchScreen.storyboard in Resources */ = {isa = PBXBuildFile; fileRef = 4A6E72641F0D69A7005819EA /* LaunchScreen.storyboard */; };
		4A6E72711F0D69A7005819EA /* SampleDemoTests.swift in Sources */ = {isa = PBXBuildFile; fileRef = 4A6E72701F0D69A7005819EA /* SampleDemoTests.swift */; };
		4A6E727C1F0D69A7005819EA /* SampleDemoUITests.swift in Sources */ = {isa = PBXBuildFile; fileRef = 4A6E727B1F0D69A7005819EA /* SampleDemoUITests.swift */; };
		4A6E728A1F0D6A9D005819EA /* APIUtility.swift in Sources */ = {isa = PBXBuildFile; fileRef = 4A6E72891F0D6A9D005819EA /* APIUtility.swift */; };
		8DEB2CCF0B6429D9E3E770C6 /* Pods_SampleDemoTests.framework in Frameworks */ = {isa = PBXBuildFile; fileRef = C1AB15AFAC8F47B3E313E90D /* Pods_SampleDemoTests.framework */; };
		CFC3B12E8343D7F4A77B85E3 /* Pods_SampleDemoUITests.framework in Frameworks */ = {isa = PBXBuildFile; fileRef = 3FF1EDA6A6C44E1A87502001 /* Pods_SampleDemoUITests.framework */; };
		E2E012052173E4C6862908E1 /* Pods_SampleDemo.framework in Frameworks */ = {isa = PBXBuildFile; fileRef = B50696E888753388F62ACFC9 /* Pods_SampleDemo.framework */; };
/* End PBXBuildFile section */

/* Begin PBXContainerItemProxy section */
		4A6E726D1F0D69A7005819EA /* PBXContainerItemProxy */ = {
			isa = PBXContainerItemProxy;
			containerPortal = 4A6E724D1F0D69A7005819EA /* Project object */;
			proxyType = 1;
			remoteGlobalIDString = 4A6E72541F0D69A7005819EA;
			remoteInfo = SampleDemo;
		};
		4A6E72781F0D69A7005819EA /* PBXContainerItemProxy */ = {
			isa = PBXContainerItemProxy;
			containerPortal = 4A6E724D1F0D69A7005819EA /* Project object */;
			proxyType = 1;
			remoteGlobalIDString = 4A6E72541F0D69A7005819EA;
			remoteInfo = SampleDemo;
		};
/* End PBXContainerItemProxy section */

/* Begin PBXFileReference section */
		3FF1EDA6A6C44E1A87502001 /* Pods_SampleDemoUITests.framework */ = {isa = PBXFileReference; explicitFileType = wrapper.framework; includeInIndex = 0; path = Pods_SampleDemoUITests.framework; sourceTree = BUILT_PRODUCTS_DIR; };
		4A6E72551F0D69A7005819EA /* SampleDemo.app */ = {isa = PBXFileReference; explicitFileType = wrapper.application; includeInIndex = 0; path = SampleDemo.app; sourceTree = BUILT_PRODUCTS_DIR; };
		4A6E72581F0D69A7005819EA /* AppDelegate.swift */ = {isa = PBXFileReference; lastKnownFileType = sourcecode.swift; path = AppDelegate.swift; sourceTree = "<group>"; };
		4A6E725A1F0D69A7005819EA /* ViewController.swift */ = {isa = PBXFileReference; lastKnownFileType = sourcecode.swift; path = ViewController.swift; sourceTree = "<group>"; };
		4A6E725D1F0D69A7005819EA /* Base */ = {isa = PBXFileReference; lastKnownFileType = file.storyboard; name = Base; path = Base.lproj/Main.storyboard; sourceTree = "<group>"; };
		4A6E72601F0D69A7005819EA /* SampleDemo.xcdatamodel */ = {isa = PBXFileReference; lastKnownFileType = wrapper.xcdatamodel; path = SampleDemo.xcdatamodel; sourceTree = "<group>"; };
		4A6E72621F0D69A7005819EA /* Assets.xcassets */ = {isa = PBXFileReference; lastKnownFileType = folder.assetcatalog; path = Assets.xcassets; sourceTree = "<group>"; };
		4A6E72651F0D69A7005819EA /* Base */ = {isa = PBXFileReference; lastKnownFileType = file.storyboard; name = Base; path = Base.lproj/LaunchScreen.storyboard; sourceTree = "<group>"; };
		4A6E72671F0D69A7005819EA /* Info.plist */ = {isa = PBXFileReference; lastKnownFileType = text.plist.xml; path = Info.plist; sourceTree = "<group>"; };
		4A6E726C1F0D69A7005819EA /* SampleDemoTests.xctest */ = {isa = PBXFileReference; explicitFileType = wrapper.cfbundle; includeInIndex = 0; path = SampleDemoTests.xctest; sourceTree = BUILT_PRODUCTS_DIR; };
		4A6E72701F0D69A7005819EA /* SampleDemoTests.swift */ = {isa = PBXFileReference; lastKnownFileType = sourcecode.swift; path = SampleDemoTests.swift; sourceTree = "<group>"; };
		4A6E72721F0D69A7005819EA /* Info.plist */ = {isa = PBXFileReference; lastKnownFileType = text.plist.xml; path = Info.plist; sourceTree = "<group>"; };
		4A6E72771F0D69A7005819EA /* SampleDemoUITests.xctest */ = {isa = PBXFileReference; explicitFileType = wrapper.cfbundle; includeInIndex = 0; path = SampleDemoUITests.xctest; sourceTree = BUILT_PRODUCTS_DIR; };
		4A6E727B1F0D69A7005819EA /* SampleDemoUITests.swift */ = {isa = PBXFileReference; lastKnownFileType = sourcecode.swift; path = SampleDemoUITests.swift; sourceTree = "<group>"; };
		4A6E727D1F0D69A7005819EA /* Info.plist */ = {isa = PBXFileReference; lastKnownFileType = text.plist.xml; path = Info.plist; sourceTree = "<group>"; };
		4A6E72891F0D6A9D005819EA /* APIUtility.swift */ = {isa = PBXFileReference; fileEncoding = 4; lastKnownFileType = sourcecode.swift; path = APIUtility.swift; sourceTree = "<group>"; };
		4A6E728B1F0D6B79005819EA /* SampleDemo-Bridging-Header.h */ = {isa = PBXFileReference; lastKnownFileType = sourcecode.c.h; path = "SampleDemo-Bridging-Header.h"; sourceTree = "<group>"; };
		66550683AF3796467BDB3FB9 /* Pods-SampleDemo.release.xcconfig */ = {isa = PBXFileReference; includeInIndex = 1; lastKnownFileType = text.xcconfig; name = "Pods-SampleDemo.release.xcconfig"; path = "Pods/Target Support Files/Pods-SampleDemo/Pods-SampleDemo.release.xcconfig"; sourceTree = "<group>"; };
		86C7938B5833BEA81C93BB56 /* Pods-SampleDemoTests.release.xcconfig */ = {isa = PBXFileReference; includeInIndex = 1; lastKnownFileType = text.xcconfig; name = "Pods-SampleDemoTests.release.xcconfig"; path = "Pods/Target Support Files/Pods-SampleDemoTests/Pods-SampleDemoTests.release.xcconfig"; sourceTree = "<group>"; };
		91C824179334E8037E49A7D5 /* Pods-SampleDemoUITests.debug.xcconfig */ = {isa = PBXFileReference; includeInIndex = 1; lastKnownFileType = text.xcconfig; name = "Pods-SampleDemoUITests.debug.xcconfig"; path = "Pods/Target Support Files/Pods-SampleDemoUITests/Pods-SampleDemoUITests.debug.xcconfig"; sourceTree = "<group>"; };
		96FF3DEF8F007B956EF5EFA4 /* Pods-SampleDemoUITests.release.xcconfig */ = {isa = PBXFileReference; includeInIndex = 1; lastKnownFileType = text.xcconfig; name = "Pods-SampleDemoUITests.release.xcconfig"; path = "Pods/Target Support Files/Pods-SampleDemoUITests/Pods-SampleDemoUITests.release.xcconfig"; sourceTree = "<group>"; };
		A3AFDD3E7A138051362B4A78 /* Pods-SampleDemoTests.debug.xcconfig */ = {isa = PBXFileReference; includeInIndex = 1; lastKnownFileType = text.xcconfig; name = "Pods-SampleDemoTests.debug.xcconfig"; path = "Pods/Target Support Files/Pods-SampleDemoTests/Pods-SampleDemoTests.debug.xcconfig"; sourceTree = "<group>"; };
		A86CE4713392CB645534819B /* Pods-SampleDemo.debug.xcconfig */ = {isa = PBXFileReference; includeInIndex = 1; lastKnownFileType = text.xcconfig; name = "Pods-SampleDemo.debug.xcconfig"; path = "Pods/Target Support Files/Pods-SampleDemo/Pods-SampleDemo.debug.xcconfig"; sourceTree = "<group>"; };
		B50696E888753388F62ACFC9 /* Pods_SampleDemo.framework */ = {isa = PBXFileReference; explicitFileType = wrapper.framework; includeInIndex = 0; path = Pods_SampleDemo.framework; sourceTree = BUILT_PRODUCTS_DIR; };
		C1AB15AFAC8F47B3E313E90D /* Pods_SampleDemoTests.framework */ = {isa = PBXFileReference; explicitFileType = wrapper.framework; includeInIndex = 0; path = Pods_SampleDemoTests.framework; sourceTree = BUILT_PRODUCTS_DIR; };
/* End PBXFileReference section */

/* Begin PBXFrameworksBuildPhase section */
		4A6E72521F0D69A7005819EA /* Frameworks */ = {
			isa = PBXFrameworksBuildPhase;
			buildActionMask = 2147483647;
			files = (
				E2E012052173E4C6862908E1 /* Pods_SampleDemo.framework in Frameworks */,
			);
			runOnlyForDeploymentPostprocessing = 0;
		};
		4A6E72691F0D69A7005819EA /* Frameworks */ = {
			isa = PBXFrameworksBuildPhase;
			buildActionMask = 2147483647;
			files = (
				8DEB2CCF0B6429D9E3E770C6 /* Pods_SampleDemoTests.framework in Frameworks */,
			);
			runOnlyForDeploymentPostprocessing = 0;
		};
		4A6E72741F0D69A7005819EA /* Frameworks */ = {
			isa = PBXFrameworksBuildPhase;
			buildActionMask = 2147483647;
			files = (
				CFC3B12E8343D7F4A77B85E3 /* Pods_SampleDemoUITests.framework in Frameworks */,
			);
			runOnlyForDeploymentPostprocessing = 0;
		};
/* End PBXFrameworksBuildPhase section */

/* Begin PBXGroup section */
		4A6E724C1F0D69A7005819EA = {
			isa = PBXGroup;
			children = (
				4A6E72571F0D69A7005819EA /* SampleDemo */,
				4A6E726F1F0D69A7005819EA /* SampleDemoTests */,
				4A6E727A1F0D69A7005819EA /* SampleDemoUITests */,
				4A6E72561F0D69A7005819EA /* Products */,
				B46A3130A04BEDF26A09B83D /* Pods */,
				9E6CADF0E0603D6A45B62F78 /* Frameworks */,
			);
			sourceTree = "<group>";
		};
		4A6E72561F0D69A7005819EA /* Products */ = {
			isa = PBXGroup;
			children = (
				4A6E72551F0D69A7005819EA /* SampleDemo.app */,
				4A6E726C1F0D69A7005819EA /* SampleDemoTests.xctest */,
				4A6E72771F0D69A7005819EA /* SampleDemoUITests.xctest */,
			);
			name = Products;
			sourceTree = "<group>";
		};
		4A6E72571F0D69A7005819EA /* SampleDemo */ = {
			isa = PBXGroup;
			children = (
				4A6E72581F0D69A7005819EA /* AppDelegate.swift */,
				4A6E725A1F0D69A7005819EA /* ViewController.swift */,
				4A6E725C1F0D69A7005819EA /* Main.storyboard */,
				4A6E72621F0D69A7005819EA /* Assets.xcassets */,
				4A6E72641F0D69A7005819EA /* LaunchScreen.storyboard */,
				4A6E72671F0D69A7005819EA /* Info.plist */,
				4A6E725F1F0D69A7005819EA /* SampleDemo.xcdatamodeld */,
				4A6E72891F0D6A9D005819EA /* APIUtility.swift */,
				4A6E728B1F0D6B79005819EA /* SampleDemo-Bridging-Header.h */,
			);
			path = SampleDemo;
			sourceTree = "<group>";
		};
		4A6E726F1F0D69A7005819EA /* SampleDemoTests */ = {
			isa = PBXGroup;
			children = (
				4A6E72701F0D69A7005819EA /* SampleDemoTests.swift */,
				4A6E72721F0D69A7005819EA /* Info.plist */,
			);
			path = SampleDemoTests;
			sourceTree = "<group>";
		};
		4A6E727A1F0D69A7005819EA /* SampleDemoUITests */ = {
			isa = PBXGroup;
			children = (
				4A6E727B1F0D69A7005819EA /* SampleDemoUITests.swift */,
				4A6E727D1F0D69A7005819EA /* Info.plist */,
			);
			path = SampleDemoUITests;
			sourceTree = "<group>";
		};
		9E6CADF0E0603D6A45B62F78 /* Frameworks */ = {
			isa = PBXGroup;
			children = (
				B50696E888753388F62ACFC9 /* Pods_SampleDemo.framework */,
				C1AB15AFAC8F47B3E313E90D /* Pods_SampleDemoTests.framework */,
				3FF1EDA6A6C44E1A87502001 /* Pods_SampleDemoUITests.framework */,
			);
			name = Frameworks;
			sourceTree = "<group>";
		};
		B46A3130A04BEDF26A09B83D /* Pods */ = {
			isa = PBXGroup;
			children = (
				A86CE4713392CB645534819B /* Pods-SampleDemo.debug.xcconfig */,
				66550683AF3796467BDB3FB9 /* Pods-SampleDemo.release.xcconfig */,
				A3AFDD3E7A138051362B4A78 /* Pods-SampleDemoTests.debug.xcconfig */,
				86C7938B5833BEA81C93BB56 /* Pods-SampleDemoTests.release.xcconfig */,
				91C824179334E8037E49A7D5 /* Pods-SampleDemoUITests.debug.xcconfig */,
				96FF3DEF8F007B956EF5EFA4 /* Pods-SampleDemoUITests.release.xcconfig */,
			);
			name = Pods;
			sourceTree = "<group>";
		};
/* End PBXGroup section */

/* Begin PBXNativeTarget section */
		4A6E72541F0D69A7005819EA /* SampleDemo */ = {
			isa = PBXNativeTarget;
			buildConfigurationList = 4A6E72801F0D69A7005819EA /* Build configuration list for PBXNativeTarget "SampleDemo" */;
			buildPhases = (
				7888B69FF8D6C4C7843902F0 /* [CP] Check Pods Manifest.lock */,
				4A6E72511F0D69A7005819EA /* Sources */,
				4A6E72521F0D69A7005819EA /* Frameworks */,
				4A6E72531F0D69A7005819EA /* Resources */,
				D2C6E7CD550580D5FEFBD790 /* [CP] Embed Pods Frameworks */,
				2CDCA0CC3B54394B3953FFCF /* [CP] Copy Pods Resources */,
			);
			buildRules = (
			);
			dependencies = (
			);
			name = SampleDemo;
			productName = SampleDemo;
			productReference = 4A6E72551F0D69A7005819EA /* SampleDemo.app */;
			productType = "com.apple.product-type.application";
		};
		4A6E726B1F0D69A7005819EA /* SampleDemoTests */ = {
			isa = PBXNativeTarget;
			buildConfigurationList = 4A6E72831F0D69A7005819EA /* Build configuration list for PBXNativeTarget "SampleDemoTests" */;
			buildPhases = (
				E9BF9D8142125EAB4756ACC3 /* [CP] Check Pods Manifest.lock */,
				4A6E72681F0D69A7005819EA /* Sources */,
				4A6E72691F0D69A7005819EA /* Frameworks */,
				4A6E726A1F0D69A7005819EA /* Resources */,
				0A583F82F7B67A67200C3046 /* [CP] Embed Pods Frameworks */,
				66AF548E33D8D530E8A45E79 /* [CP] Copy Pods Resources */,
			);
			buildRules = (
			);
			dependencies = (
				4A6E726E1F0D69A7005819EA /* PBXTargetDependency */,
			);
			name = SampleDemoTests;
			productName = SampleDemoTests;
			productReference = 4A6E726C1F0D69A7005819EA /* SampleDemoTests.xctest */;
			productType = "com.apple.product-type.bundle.unit-test";
		};
		4A6E72761F0D69A7005819EA /* SampleDemoUITests */ = {
			isa = PBXNativeTarget;
			buildConfigurationList = 4A6E72861F0D69A7005819EA /* Build configuration list for PBXNativeTarget "SampleDemoUITests" */;
			buildPhases = (
				7193CF4ED393CAFFED44BD08 /* [CP] Check Pods Manifest.lock */,
				4A6E72731F0D69A7005819EA /* Sources */,
				4A6E72741F0D69A7005819EA /* Frameworks */,
				4A6E72751F0D69A7005819EA /* Resources */,
				1C96C88AC6EB2A61DB5848C4 /* [CP] Copy Pods Resources */,
			);
			buildRules = (
			);
			dependencies = (
				4A6E72791F0D69A7005819EA /* PBXTargetDependency */,
			);
			name = SampleDemoUITests;
			productName = SampleDemoUITests;
			productReference = 4A6E72771F0D69A7005819EA /* SampleDemoUITests.xctest */;
			productType = "com.apple.product-type.bundle.ui-testing";
		};
/* End PBXNativeTarget section */

/* Begin PBXProject section */
		4A6E724D1F0D69A7005819EA /* Project object */ = {
			isa = PBXProject;
			attributes = {
				LastSwiftUpdateCheck = 0810;
				LastUpgradeCheck = 0810;
				ORGANIZATIONNAME = Harry;
				TargetAttributes = {
					4A6E72541F0D69A7005819EA = {
						CreatedOnToolsVersion = 8.1;
						ProvisioningStyle = Automatic;
					};
					4A6E726B1F0D69A7005819EA = {
						CreatedOnToolsVersion = 8.1;
						ProvisioningStyle = Automatic;
						TestTargetID = 4A6E72541F0D69A7005819EA;
					};
					4A6E72761F0D69A7005819EA = {
						CreatedOnToolsVersion = 8.1;
						ProvisioningStyle = Automatic;
						TestTargetID = 4A6E72541F0D69A7005819EA;
					};
				};
			};
			buildConfigurationList = 4A6E72501F0D69A7005819EA /* Build configuration list for PBXProject "SampleDemo" */;
			compatibilityVersion = "Xcode 3.2";
			developmentRegion = English;
			hasScannedForEncodings = 0;
			knownRegions = (
				en,
				Base,
			);
			mainGroup = 4A6E724C1F0D69A7005819EA;
			productRefGroup = 4A6E72561F0D69A7005819EA /* Products */;
			projectDirPath = "";
			projectRoot = "";
			targets = (
				4A6E72541F0D69A7005819EA /* SampleDemo */,
				4A6E726B1F0D69A7005819EA /* SampleDemoTests */,
				4A6E72761F0D69A7005819EA /* SampleDemoUITests */,
			);
		};
/* End PBXProject section */

/* Begin PBXResourcesBuildPhase section */
		4A6E72531F0D69A7005819EA /* Resources */ = {
			isa = PBXResourcesBuildPhase;
			buildActionMask = 2147483647;
			files = (
				4A6E72661F0D69A7005819EA /* LaunchScreen.storyboard in Resources */,
				4A6E72631F0D69A7005819EA /* Assets.xcassets in Resources */,
				4A6E725E1F0D69A7005819EA /* Main.storyboard in Resources */,
			);
			runOnlyForDeploymentPostprocessing = 0;
		};
		4A6E726A1F0D69A7005819EA /* Resources */ = {
			isa = PBXResourcesBuildPhase;
			buildActionMask = 2147483647;
			files = (
			);
			runOnlyForDeploymentPostprocessing = 0;
		};
		4A6E72751F0D69A7005819EA /* Resources */ = {
			isa = PBXResourcesBuildPhase;
			buildActionMask = 2147483647;
			files = (
			);
			runOnlyForDeploymentPostprocessing = 0;
		};
/* End PBXResourcesBuildPhase section */

/* Begin PBXShellScriptBuildPhase section */
		0A583F82F7B67A67200C3046 /* [CP] Embed Pods Frameworks */ = {
			isa = PBXShellScriptBuildPhase;
			buildActionMask = 2147483647;
			files = (
			);
			inputPaths = (
			);
			name = "[CP] Embed Pods Frameworks";
			outputPaths = (
			);
			runOnlyForDeploymentPostprocessing = 0;
			shellPath = /bin/sh;
			shellScript = "\"${SRCROOT}/Pods/Target Support Files/Pods-SampleDemoTests/Pods-SampleDemoTests-frameworks.sh\"\n";
			showEnvVarsInLog = 0;
		};
		1C96C88AC6EB2A61DB5848C4 /* [CP] Copy Pods Resources */ = {
			isa = PBXShellScriptBuildPhase;
			buildActionMask = 2147483647;
			files = (
			);
			inputPaths = (
			);
			name = "[CP] Copy Pods Resources";
			outputPaths = (
			);
			runOnlyForDeploymentPostprocessing = 0;
			shellPath = /bin/sh;
			shellScript = "\"${SRCROOT}/Pods/Target Support Files/Pods-SampleDemoUITests/Pods-SampleDemoUITests-resources.sh\"\n";
			showEnvVarsInLog = 0;
		};
		2CDCA0CC3B54394B3953FFCF /* [CP] Copy Pods Resources */ = {
			isa = PBXShellScriptBuildPhase;
			buildActionMask = 2147483647;
			files = (
			);
			inputPaths = (
			);
			name = "[CP] Copy Pods Resources";
			outputPaths = (
			);
			runOnlyForDeploymentPostprocessing = 0;
			shellPath = /bin/sh;
			shellScript = "\"${SRCROOT}/Pods/Target Support Files/Pods-SampleDemo/Pods-SampleDemo-resources.sh\"\n";
			showEnvVarsInLog = 0;
		};
		66AF548E33D8D530E8A45E79 /* [CP] Copy Pods Resources */ = {
			isa = PBXShellScriptBuildPhase;
			buildActionMask = 2147483647;
			files = (
			);
			inputPaths = (
			);
			name = "[CP] Copy Pods Resources";
			outputPaths = (
			);
			runOnlyForDeploymentPostprocessing = 0;
			shellPath = /bin/sh;
			shellScript = "\"${SRCROOT}/Pods/Target Support Files/Pods-SampleDemoTests/Pods-SampleDemoTests-resources.sh\"\n";
			showEnvVarsInLog = 0;
		};
		7193CF4ED393CAFFED44BD08 /* [CP] Check Pods Manifest.lock */ = {
			isa = PBXShellScriptBuildPhase;
			buildActionMask = 2147483647;
			files = (
			);
			inputPaths = (
			);
			name = "[CP] Check Pods Manifest.lock";
			outputPaths = (
			);
			runOnlyForDeploymentPostprocessing = 0;
			shellPath = /bin/sh;
			shellScript = "diff \"${PODS_ROOT}/../Podfile.lock\" \"${PODS_ROOT}/Manifest.lock\" > /dev/null\nif [[ $? != 0 ]] ; then\n    cat << EOM\nerror: The sandbox is not in sync with the Podfile.lock. Run 'pod install' or update your CocoaPods installation.\nEOM\n    exit 1\nfi\n";
			showEnvVarsInLog = 0;
		};
		7888B69FF8D6C4C7843902F0 /* [CP] Check Pods Manifest.lock */ = {
			isa = PBXShellScriptBuildPhase;
			buildActionMask = 2147483647;
			files = (
			);
			inputPaths = (
			);
			name = "[CP] Check Pods Manifest.lock";
			outputPaths = (
			);
			runOnlyForDeploymentPostprocessing = 0;
			shellPath = /bin/sh;
			shellScript = "diff \"${PODS_ROOT}/../Podfile.lock\" \"${PODS_ROOT}/Manifest.lock\" > /dev/null\nif [[ $? != 0 ]] ; then\n    cat << EOM\nerror: The sandbox is not in sync with the Podfile.lock. Run 'pod install' or update your CocoaPods installation.\nEOM\n    exit 1\nfi\n";
			showEnvVarsInLog = 0;
		};
		D2C6E7CD550580D5FEFBD790 /* [CP] Embed Pods Frameworks */ = {
			isa = PBXShellScriptBuildPhase;
			buildActionMask = 2147483647;
			files = (
			);
			inputPaths = (
			);
			name = "[CP] Embed Pods Frameworks";
			outputPaths = (
			);
			runOnlyForDeploymentPostprocessing = 0;
			shellPath = /bin/sh;
			shellScript = "\"${SRCROOT}/Pods/Target Support Files/Pods-SampleDemo/Pods-SampleDemo-frameworks.sh\"\n";
			showEnvVarsInLog = 0;
		};
		E9BF9D8142125EAB4756ACC3 /* [CP] Check Pods Manifest.lock */ = {
			isa = PBXShellScriptBuildPhase;
			buildActionMask = 2147483647;
			files = (
			);
			inputPaths = (
			);
			name = "[CP] Check Pods Manifest.lock";
			outputPaths = (
			);
			runOnlyForDeploymentPostprocessing = 0;
			shellPath = /bin/sh;
			shellScript = "diff \"${PODS_ROOT}/../Podfile.lock\" \"${PODS_ROOT}/Manifest.lock\" > /dev/null\nif [[ $? != 0 ]] ; then\n    cat << EOM\nerror: The sandbox is not in sync with the Podfile.lock. Run 'pod install' or update your CocoaPods installation.\nEOM\n    exit 1\nfi\n";
			showEnvVarsInLog = 0;
		};
/* End PBXShellScriptBuildPhase section */

/* Begin PBXSourcesBuildPhase section */
		4A6E72511F0D69A7005819EA /* Sources */ = {
			isa = PBXSourcesBuildPhase;
			buildActionMask = 2147483647;
			files = (
				4A6E725B1F0D69A7005819EA /* ViewController.swift in Sources */,
				4A6E728A1F0D6A9D005819EA /* APIUtility.swift in Sources */,
				4A6E72611F0D69A7005819EA /* SampleDemo.xcdatamodeld in Sources */,
				4A6E72591F0D69A7005819EA /* AppDelegate.swift in Sources */,
			);
			runOnlyForDeploymentPostprocessing = 0;
		};
		4A6E72681F0D69A7005819EA /* Sources */ = {
			isa = PBXSourcesBuildPhase;
			buildActionMask = 2147483647;
			files = (
				4A6E72711F0D69A7005819EA /* SampleDemoTests.swift in Sources */,
			);
			runOnlyForDeploymentPostprocessing = 0;
		};
		4A6E72731F0D69A7005819EA /* Sources */ = {
			isa = PBXSourcesBuildPhase;
			buildActionMask = 2147483647;
			files = (
				4A6E727C1F0D69A7005819EA /* SampleDemoUITests.swift in Sources */,
			);
			runOnlyForDeploymentPostprocessing = 0;
		};
/* End PBXSourcesBuildPhase section */

/* Begin PBXTargetDependency section */
		4A6E726E1F0D69A7005819EA /* PBXTargetDependency */ = {
			isa = PBXTargetDependency;
			target = 4A6E72541F0D69A7005819EA /* SampleDemo */;
			targetProxy = 4A6E726D1F0D69A7005819EA /* PBXContainerItemProxy */;
		};
		4A6E72791F0D69A7005819EA /* PBXTargetDependency */ = {
			isa = PBXTargetDependency;
			target = 4A6E72541F0D69A7005819EA /* SampleDemo */;
			targetProxy = 4A6E72781F0D69A7005819EA /* PBXContainerItemProxy */;
		};
/* End PBXTargetDependency section */

/* Begin PBXVariantGroup section */
		4A6E725C1F0D69A7005819EA /* Main.storyboard */ = {
			isa = PBXVariantGroup;
			children = (
				4A6E725D1F0D69A7005819EA /* Base */,
			);
			name = Main.storyboard;
			sourceTree = "<group>";
		};
		4A6E72641F0D69A7005819EA /* LaunchScreen.storyboard */ = {
			isa = PBXVariantGroup;
			children = (
				4A6E72651F0D69A7005819EA /* Base */,
			);
			name = LaunchScreen.storyboard;
			sourceTree = "<group>";
		};
/* End PBXVariantGroup section */

/* Begin XCBuildConfiguration section */
		4A6E727E1F0D69A7005819EA /* Debug */ = {
			isa = XCBuildConfiguration;
			buildSettings = {
				ALWAYS_SEARCH_USER_PATHS = NO;
				CLANG_ANALYZER_NONNULL = YES;
				CLANG_CXX_LANGUAGE_STANDARD = "gnu++0x";
				CLANG_CXX_LIBRARY = "libc++";
				CLANG_ENABLE_MODULES = YES;
				CLANG_ENABLE_OBJC_ARC = YES;
				CLANG_WARN_BOOL_CONVERSION = YES;
				CLANG_WARN_CONSTANT_CONVERSION = YES;
				CLANG_WARN_DIRECT_OBJC_ISA_USAGE = YES_ERROR;
				CLANG_WARN_DOCUMENTATION_COMMENTS = YES;
				CLANG_WARN_EMPTY_BODY = YES;
				CLANG_WARN_ENUM_CONVERSION = YES;
				CLANG_WARN_INFINITE_RECURSION = YES;
				CLANG_WARN_INT_CONVERSION = YES;
				CLANG_WARN_OBJC_ROOT_CLASS = YES_ERROR;
				CLANG_WARN_SUSPICIOUS_MOVES = YES;
				CLANG_WARN_UNREACHABLE_CODE = YES;
				CLANG_WARN__DUPLICATE_METHOD_MATCH = YES;
				"CODE_SIGN_IDENTITY[sdk=iphoneos*]" = "iPhone Developer";
				COPY_PHASE_STRIP = NO;
				DEBUG_INFORMATION_FORMAT = dwarf;
				ENABLE_STRICT_OBJC_MSGSEND = YES;
				ENABLE_TESTABILITY = YES;
				GCC_C_LANGUAGE_STANDARD = gnu99;
				GCC_DYNAMIC_NO_PIC = NO;
				GCC_NO_COMMON_BLOCKS = YES;
				GCC_OPTIMIZATION_LEVEL = 0;
				GCC_PREPROCESSOR_DEFINITIONS = (
					"DEBUG=1",
					"$(inherited)",
				);
				GCC_WARN_64_TO_32_BIT_CONVERSION = YES;
				GCC_WARN_ABOUT_RETURN_TYPE = YES_ERROR;
				GCC_WARN_UNDECLARED_SELECTOR = YES;
				GCC_WARN_UNINITIALIZED_AUTOS = YES_AGGRESSIVE;
				GCC_WARN_UNUSED_FUNCTION = YES;
				GCC_WARN_UNUSED_VARIABLE = YES;
				IPHONEOS_DEPLOYMENT_TARGET = 10.1;
				MTL_ENABLE_DEBUG_INFO = YES;
				ONLY_ACTIVE_ARCH = YES;
				SDKROOT = iphoneos;
				SWIFT_ACTIVE_COMPILATION_CONDITIONS = DEBUG;
				SWIFT_OPTIMIZATION_LEVEL = "-Onone";
			};
			name = Debug;
		};
		4A6E727F1F0D69A7005819EA /* Release */ = {
			isa = XCBuildConfiguration;
			buildSettings = {
				ALWAYS_SEARCH_USER_PATHS = NO;
				CLANG_ANALYZER_NONNULL = YES;
				CLANG_CXX_LANGUAGE_STANDARD = "gnu++0x";
				CLANG_CXX_LIBRARY = "libc++";
				CLANG_ENABLE_MODULES = YES;
				CLANG_ENABLE_OBJC_ARC = YES;
				CLANG_WARN_BOOL_CONVERSION = YES;
				CLANG_WARN_CONSTANT_CONVERSION = YES;
				CLANG_WARN_DIRECT_OBJC_ISA_USAGE = YES_ERROR;
				CLANG_WARN_DOCUMENTATION_COMMENTS = YES;
				CLANG_WARN_EMPTY_BODY = YES;
				CLANG_WARN_ENUM_CONVERSION = YES;
				CLANG_WARN_INFINITE_RECURSION = YES;
				CLANG_WARN_INT_CONVERSION = YES;
				CLANG_WARN_OBJC_ROOT_CLASS = YES_ERROR;
				CLANG_WARN_SUSPICIOUS_MOVES = YES;
				CLANG_WARN_UNREACHABLE_CODE = YES;
				CLANG_WARN__DUPLICATE_METHOD_MATCH = YES;
				"CODE_SIGN_IDENTITY[sdk=iphoneos*]" = "iPhone Developer";
				COPY_PHASE_STRIP = NO;
				DEBUG_INFORMATION_FORMAT = "dwarf-with-dsym";
				ENABLE_NS_ASSERTIONS = NO;
				ENABLE_STRICT_OBJC_MSGSEND = YES;
				GCC_C_LANGUAGE_STANDARD = gnu99;
				GCC_NO_COMMON_BLOCKS = YES;
				GCC_WARN_64_TO_32_BIT_CONVERSION = YES;
				GCC_WARN_ABOUT_RETURN_TYPE = YES_ERROR;
				GCC_WARN_UNDECLARED_SELECTOR = YES;
				GCC_WARN_UNINITIALIZED_AUTOS = YES_AGGRESSIVE;
				GCC_WARN_UNUSED_FUNCTION = YES;
				GCC_WARN_UNUSED_VARIABLE = YES;
				IPHONEOS_DEPLOYMENT_TARGET = 10.1;
				MTL_ENABLE_DEBUG_INFO = NO;
				SDKROOT = iphoneos;
				SWIFT_OPTIMIZATION_LEVEL = "-Owholemodule";
				VALIDATE_PRODUCT = YES;
			};
			name = Release;
		};
		4A6E72811F0D69A7005819EA /* Debug */ = {
			isa = XCBuildConfiguration;
			baseConfigurationReference = A86CE4713392CB645534819B /* Pods-SampleDemo.debug.xcconfig */;
			buildSettings = {
				ASSETCATALOG_COMPILER_APPICON_NAME = AppIcon;
				INFOPLIST_FILE = SampleDemo/Info.plist;
				LD_RUNPATH_SEARCH_PATHS = "$(inherited) @executable_path/Frameworks";
				PRODUCT_BUNDLE_IDENTIFIER = com.ios.SampleDemo;
				PRODUCT_NAME = "$(TARGET_NAME)";
				SWIFT_VERSION = 3.0;
			};
			name = Debug;
		};
		4A6E72821F0D69A7005819EA /* Release */ = {
			isa = XCBuildConfiguration;
			baseConfigurationReference = 66550683AF3796467BDB3FB9 /* Pods-SampleDemo.release.xcconfig */;
			buildSettings = {
				ASSETCATALOG_COMPILER_APPICON_NAME = AppIcon;
				INFOPLIST_FILE = SampleDemo/Info.plist;
				LD_RUNPATH_SEARCH_PATHS = "$(inherited) @executable_path/Frameworks";
				PRODUCT_BUNDLE_IDENTIFIER = com.ios.SampleDemo;
				PRODUCT_NAME = "$(TARGET_NAME)";
				SWIFT_VERSION = 3.0;
			};
			name = Release;
		};
		4A6E72841F0D69A7005819EA /* Debug */ = {
			isa = XCBuildConfiguration;
			baseConfigurationReference = A3AFDD3E7A138051362B4A78 /* Pods-SampleDemoTests.debug.xcconfig */;
			buildSettings = {
				ALWAYS_EMBED_SWIFT_STANDARD_LIBRARIES = YES;
				BUNDLE_LOADER = "$(TEST_HOST)";
				INFOPLIST_FILE = SampleDemoTests/Info.plist;
				LD_RUNPATH_SEARCH_PATHS = "$(inherited) @executable_path/Frameworks @loader_path/Frameworks";
				PRODUCT_BUNDLE_IDENTIFIER = com.ios.SampleDemoTests;
				PRODUCT_NAME = "$(TARGET_NAME)";
				SWIFT_VERSION = 3.0;
				TEST_HOST = "$(BUILT_PRODUCTS_DIR)/SampleDemo.app/SampleDemo";
			};
			name = Debug;
		};
		4A6E72851F0D69A7005819EA /* Release */ = {
			isa = XCBuildConfiguration;
			baseConfigurationReference = 86C7938B5833BEA81C93BB56 /* Pods-SampleDemoTests.release.xcconfig */;
			buildSettings = {
				ALWAYS_EMBED_SWIFT_STANDARD_LIBRARIES = YES;
				BUNDLE_LOADER = "$(TEST_HOST)";
				INFOPLIST_FILE = SampleDemoTests/Info.plist;
				LD_RUNPATH_SEARCH_PATHS = "$(inherited) @executable_path/Frameworks @loader_path/Frameworks";
				PRODUCT_BUNDLE_IDENTIFIER = com.ios.SampleDemoTests;
				PRODUCT_NAME = "$(TARGET_NAME)";
				SWIFT_VERSION = 3.0;
				TEST_HOST = "$(BUILT_PRODUCTS_DIR)/SampleDemo.app/SampleDemo";
			};
			name = Release;
		};
		4A6E72871F0D69A7005819EA /* Debug */ = {
			isa = XCBuildConfiguration;
			baseConfigurationReference = 91C824179334E8037E49A7D5 /* Pods-SampleDemoUITests.debug.xcconfig */;
			buildSettings = {
				ALWAYS_EMBED_SWIFT_STANDARD_LIBRARIES = YES;
				INFOPLIST_FILE = SampleDemoUITests/Info.plist;
				LD_RUNPATH_SEARCH_PATHS = "$(inherited) @executable_path/Frameworks @loader_path/Frameworks";
				PRODUCT_BUNDLE_IDENTIFIER = com.ios.SampleDemoUITests;
				PRODUCT_NAME = "$(TARGET_NAME)";
				SWIFT_VERSION = 3.0;
				TEST_TARGET_NAME = SampleDemo;
			};
			name = Debug;
		};
		4A6E72881F0D69A7005819EA /* Release */ = {
			isa = XCBuildConfiguration;
			baseConfigurationReference = 96FF3DEF8F007B956EF5EFA4 /* Pods-SampleDemoUITests.release.xcconfig */;
			buildSettings = {
				ALWAYS_EMBED_SWIFT_STANDARD_LIBRARIES = YES;
				INFOPLIST_FILE = SampleDemoUITests/Info.plist;
				LD_RUNPATH_SEARCH_PATHS = "$(inherited) @executable_path/Frameworks @loader_path/Frameworks";
				PRODUCT_BUNDLE_IDENTIFIER = com.ios.SampleDemoUITests;
				PRODUCT_NAME = "$(TARGET_NAME)";
				SWIFT_VERSION = 3.0;
				TEST_TARGET_NAME = SampleDemo;
			};
			name = Release;
		};
/* End XCBuildConfiguration section */

/* Begin XCConfigurationList section */
		4A6E72501F0D69A7005819EA /* Build configuration list for PBXProject "SampleDemo" */ = {
			isa = XCConfigurationList;
			buildConfigurations = (
				4A6E727E1F0D69A7005819EA /* Debug */,
				4A6E727F1F0D69A7005819EA /* Release */,
			);
			defaultConfigurationIsVisible = 0;
			defaultConfigurationName = Release;
		};
		4A6E72801F0D69A7005819EA /* Build configuration list for PBXNativeTarget "SampleDemo" */ = {
			isa = XCConfigurationList;
			buildConfigurations = (
				4A6E72811F0D69A7005819EA /* Debug */,
				4A6E72821F0D69A7005819EA /* Release */,
			);
			defaultConfigurationIsVisible = 0;
			defaultConfigurationName = Release;
		};
		4A6E72831F0D69A7005819EA /* Build configuration list for PBXNativeTarget "SampleDemoTests" */ = {
			isa = XCConfigurationList;
			buildConfigurations = (
				4A6E72841F0D69A7005819EA /* Debug */,
				4A6E72851F0D69A7005819EA /* Release */,
			);
			defaultConfigurationIsVisible = 0;
			defaultConfigurationName = Release;
		};
		4A6E72861F0D69A7005819EA /* Build configuration list for PBXNativeTarget "SampleDemoUITests" */ = {
			isa = XCConfigurationList;
			buildConfigurations = (
				4A6E72871F0D69A7005819EA /* Debug */,
				4A6E72881F0D69A7005819EA /* Release */,
			);
			defaultConfigurationIsVisible = 0;
			defaultConfigurationName = Release;
		};
/* End XCConfigurationList section */

/* Begin XCVersionGroup section */
		4A6E725F1F0D69A7005819EA /* SampleDemo.xcdatamodeld */ = {
			isa = XCVersionGroup;
			children = (
				4A6E72601F0D69A7005819EA /* SampleDemo.xcdatamodel */,
			);
			currentVersion = 4A6E72601F0D69A7005819EA /* SampleDemo.xcdatamodel */;
			path = SampleDemo.xcdatamodeld;
			sourceTree = "<group>";
			versionGroupType = wrapper.xcdatamodel;
		};
/* End XCVersionGroup section */
	};
	rootObject = 4A6E724D1F0D69A7005819EA /* Project object */;
}
